
Microsoft Visual Studio Solution File, Format Version 12.00
# Visual Studio 15
VisualStudioVersion = 15.0.28010.2026
MinimumVisualStudioVersion = 10.0.40219.1
Project("{FAE04EC0-301F-11D3-BF4B-00C04F79EFBC}") = "lambdaExpression", "lambadaExpression\lambdaExpression.csproj", "{23DF5F38-00CE-49BE-B243-72E8114C610C}"
EndProject
Global
	GlobalSection(SolutionConfigurationPlatforms) = preSolution
		Debug|Any CPU = Debug|Any CPU
		Release|Any CPU = Release|Any CPU
	EndGlobalSection
	GlobalSection(ProjectConfigurationPlatforms) = postSolution
		{23DF5F38-00CE-49BE-B243-72E8114C610C}.Debug|Any CPU.ActiveCfg = Debug|Any CPU
		{23DF5F38-00CE-49BE-B243-72E8114C610C}.Debug|Any CPU.Build.0 = Debug|Any CPU
		{23DF5F38-00CE-49BE-B243-72E8114C610C}.Release|Any CPU.ActiveCfg = Release|Any CPU
		{23DF5F38-00CE-49BE-B243-72E8114C610C}.Release|Any CPU.Build.0 = Release|Any CPU
	EndGlobalSection
	GlobalSection(SolutionProperties) = preSolution
		HideSolutionNode = FALSE
	EndGlobalSection
	GlobalSection(ExtensibilityGlobals) = postSolution
		SolutionGuid = {32181850-1947-4B3C-B6AE-046245E895DB}
	EndGlobalSection
EndGlobal
